
Microsoft Visual Studio Solution File, Format Version 12.00
# Visual Studio Version 16
VisualStudioVersion = 16.0.30804.86
MinimumVisualStudioVersion = 10.0.40219.1
Project("{9A19103F-16F7-4668-BE54-9A1E7A4F7556}") = "RubbishLanguageFrontEnd", "RubbishLanguageFrontEnd.csproj", "{8CCFE58C-BFFB-4941-A554-E32968AF9BA5}"
EndProject
Project("{FAE04EC0-301F-11D3-BF4B-00C04F79EFBC}") = "UnitTest", "UnitTest\UnitTest.csproj", "{DA2290A6-98E4-457B-84C2-7DCAB7406586}"
EndProject
Global
	GlobalSection(SolutionConfigurationPlatforms) = preSolution
		Debug|Any CPU = Debug|Any CPU
		Release|Any CPU = Release|Any CPU
	EndGlobalSection
	GlobalSection(ProjectConfigurationPlatforms) = postSolution
		{8CCFE58C-BFFB-4941-A554-E32968AF9BA5}.Debug|Any CPU.ActiveCfg = Debug|Any CPU
		{8CCFE58C-BFFB-4941-A554-E32968AF9BA5}.Debug|Any CPU.Build.0 = Debug|Any CPU
		{8CCFE58C-BFFB-4941-A554-E32968AF9BA5}.Release|Any CPU.ActiveCfg = Release|Any CPU
		{8CCFE58C-BFFB-4941-A554-E32968AF9BA5}.Release|Any CPU.Build.0 = Release|Any CPU
		{DA2290A6-98E4-457B-84C2-7DCAB7406586}.Debug|Any CPU.ActiveCfg = Debug|Any CPU
		{DA2290A6-98E4-457B-84C2-7DCAB7406586}.Debug|Any CPU.Build.0 = Debug|Any CPU
		{DA2290A6-98E4-457B-84C2-7DCAB7406586}.Release|Any CPU.ActiveCfg = Release|Any CPU
		{DA2290A6-98E4-457B-84C2-7DCAB7406586}.Release|Any CPU.Build.0 = Release|Any CPU
	EndGlobalSection
	GlobalSection(SolutionProperties) = preSolution
		HideSolutionNode = FALSE
	EndGlobalSection
	GlobalSection(ExtensibilityGlobals) = postSolution
		SolutionGuid = {2D2AF572-3BC8-481A-AC0E-A73132E36F3C}
	EndGlobalSection
EndGlobal
